{
  "name": "jixiaoxiaochengxu",
  "version": "1.0.0",
  "lockfileVersion": 2,
  "requires": true,
  "packages": {
    "": {
      "name": "jixiaoxiaochengxu",
      "version": "1.0.0",
      "license": "ISC",
      "dependencies": {
        "miniprogram-recycle-view": "^0.1.5",
        "weui-miniprogram": "^1.1.1"
      },
      "devDependencies": {}
    },
    "node_modules/miniprogram-recycle-view": {
      "version": "0.1.5",
      "resolved": "https://registry.npmjs.org/miniprogram-recycle-view/-/miniprogram-recycle-view-0.1.5.tgz",
      "integrity": "sha512-Pfm/u+jfg+b5zDhjXqm7QbR9IuViqX8JyzcHDgr6Zw9wSK0wmbXNzscA1WoSnGP5Z2nG2TIqtiNXvEbvsyrxXA=="
    },
    "node_modules/weui-miniprogram": {
      "version": "1.1.1",
      "resolved": "https://registry.npmjs.org/weui-miniprogram/-/weui-miniprogram-1.1.1.tgz",
      "integrity": "sha512-C8UZTR4C90M/mpcR+NQc+c9prWz9ZuWvTgMtfkL6iNzM6Y20NIcepqRimTcmq+scDeVzptDMdk1iwvv5gVbanQ=="
    }
  },
  "dependencies": {
    "miniprogram-recycle-view": {
      "version": "0.1.5",
      "resolved": "https://registry.npmjs.org/miniprogram-recycle-view/-/miniprogram-recycle-view-0.1.5.tgz",
      "integrity": "sha512-Pfm/u+jfg+b5zDhjXqm7QbR9IuViqX8JyzcHDgr6Zw9wSK0wmbXNzscA1WoSnGP5Z2nG2TIqtiNXvEbvsyrxXA=="
    },
    "weui-miniprogram": {
      "version": "1.1.1",
      "resolved": "https://registry.npmjs.org/weui-miniprogram/-/weui-miniprogram-1.1.1.tgz",
      "integrity": "sha512-C8UZTR4C90M/mpcR+NQc+c9prWz9ZuWvTgMtfkL6iNzM6Y20NIcepqRimTcmq+scDeVzptDMdk1iwvv5gVbanQ=="
    }
  }
}
